
Microsoft Visual Studio Solution File, Format Version 12.00
# Visual Studio 15
VisualStudioVersion = 15.0.28307.271
MinimumVisualStudioVersion = 10.0.40219.1
Project("{FAE04EC0-301F-11D3-BF4B-00C04F79EFBC}") = "TallerGitP1", "TallerGitP1\TallerGitP1.csproj", "{A9CDC5B8-F023-4269-9C35-33AF95BC060A}"
EndProject
Project("{FAE04EC0-301F-11D3-BF4B-00C04F79EFBC}") = "Modelo", "Modelo\Modelo.csproj", "{90439F1A-3904-48CF-8A8C-94D90711013D}"
EndProject
Global
	GlobalSection(SolutionConfigurationPlatforms) = preSolution
		Debug|Any CPU = Debug|Any CPU
		Release|Any CPU = Release|Any CPU
	EndGlobalSection
	GlobalSection(ProjectConfigurationPlatforms) = postSolution
		{A9CDC5B8-F023-4269-9C35-33AF95BC060A}.Debug|Any CPU.ActiveCfg = Debug|Any CPU
		{A9CDC5B8-F023-4269-9C35-33AF95BC060A}.Debug|Any CPU.Build.0 = Debug|Any CPU
		{A9CDC5B8-F023-4269-9C35-33AF95BC060A}.Release|Any CPU.ActiveCfg = Release|Any CPU
		{A9CDC5B8-F023-4269-9C35-33AF95BC060A}.Release|Any CPU.Build.0 = Release|Any CPU
		{90439F1A-3904-48CF-8A8C-94D90711013D}.Debug|Any CPU.ActiveCfg = Debug|Any CPU
		{90439F1A-3904-48CF-8A8C-94D90711013D}.Debug|Any CPU.Build.0 = Debug|Any CPU
		{90439F1A-3904-48CF-8A8C-94D90711013D}.Release|Any CPU.ActiveCfg = Release|Any CPU
		{90439F1A-3904-48CF-8A8C-94D90711013D}.Release|Any CPU.Build.0 = Release|Any CPU
	EndGlobalSection
	GlobalSection(SolutionProperties) = preSolution
		HideSolutionNode = FALSE
	EndGlobalSection
	GlobalSection(ExtensibilityGlobals) = postSolution
		SolutionGuid = {C0659B51-61ED-45F8-847C-9E511EAD578A}
	EndGlobalSection
EndGlobal
